
Microsoft Visual Studio Solution File, Format Version 12.00
# Visual Studio 15
VisualStudioVersion = 15.0.27130.2010
MinimumVisualStudioVersion = 10.0.40219.1
Project("{FAE04EC0-301F-11D3-BF4B-00C04F79EFBC}") = "Schooled.Tests", "Schooled.Tests\Schooled.Tests.csproj", "{B456E546-58B9-4615-9BF9-FF1E48690DFC}"
EndProject
Project("{FAE04EC0-301F-11D3-BF4B-00C04F79EFBC}") = "Schooled", "Schooled\Schooled.csproj", "{6F163B23-B07D-46F3-A6FF-BE1A596582BD}"
EndProject
Global
	GlobalSection(SolutionConfigurationPlatforms) = preSolution
		Debug|Any CPU = Debug|Any CPU
		Release|Any CPU = Release|Any CPU
	EndGlobalSection
	GlobalSection(ProjectConfigurationPlatforms) = postSolution
		{B456E546-58B9-4615-9BF9-FF1E48690DFC}.Debug|Any CPU.ActiveCfg = Debug|Any CPU
		{B456E546-58B9-4615-9BF9-FF1E48690DFC}.Debug|Any CPU.Build.0 = Debug|Any CPU
		{B456E546-58B9-4615-9BF9-FF1E48690DFC}.Release|Any CPU.ActiveCfg = Release|Any CPU
		{B456E546-58B9-4615-9BF9-FF1E48690DFC}.Release|Any CPU.Build.0 = Release|Any CPU
		{6F163B23-B07D-46F3-A6FF-BE1A596582BD}.Debug|Any CPU.ActiveCfg = Debug|Any CPU
		{6F163B23-B07D-46F3-A6FF-BE1A596582BD}.Debug|Any CPU.Build.0 = Debug|Any CPU
		{6F163B23-B07D-46F3-A6FF-BE1A596582BD}.Release|Any CPU.ActiveCfg = Release|Any CPU
		{6F163B23-B07D-46F3-A6FF-BE1A596582BD}.Release|Any CPU.Build.0 = Release|Any CPU
	EndGlobalSection
	GlobalSection(SolutionProperties) = preSolution
		HideSolutionNode = FALSE
	EndGlobalSection
	GlobalSection(ExtensibilityGlobals) = postSolution
		SolutionGuid = {E1A7B2D8-4104-43A4-A255-82EF5CE97E10}
	EndGlobalSection
EndGlobal
